// !$*UTF8*$!
{
	archiveVersion = 1;
	classes = {
	};
	objectVersion = 46;
	objects = {

/* Begin PBXBuildFile section */
		7371ACDC1ED58BF500E291B6 /* main.c in Sources */ = {isa = PBXBuildFile; fileRef = 7371ACDB1ED58BF500E291B6 /* main.c */; };
		7371ACE41ED6880F00E291B6 /* Memory.c in Sources */ = {isa = PBXBuildFile; fileRef = 7371ACE21ED6880F00E291B6 /* Memory.c */; };
		7371ACE71ED6884000E291B6 /* Board.c in Sources */ = {isa = PBXBuildFile; fileRef = 7371ACE51ED6884000E291B6 /* Board.c */; };
		7371ACEA1ED68D0900E291B6 /* Utils.c in Sources */ = {isa = PBXBuildFile; fileRef = 7371ACE81ED68D0900E291B6 /* Utils.c */; };
		7371ACED1ED6A91000E291B6 /* Move.c in Sources */ = {isa = PBXBuildFile; fileRef = 7371ACEB1ED6A91000E291B6 /* Move.c */; };
		7371ACF01ED6B17A00E291B6 /* Score.c in Sources */ = {isa = PBXBuildFile; fileRef = 7371ACEE1ED6B17A00E291B6 /* Score.c */; };
		7371ACF81EDE735100E291B6 /* HumanAgainstAgent.c in Sources */ = {isa = PBXBuildFile; fileRef = 7371ACF61EDE735100E291B6 /* HumanAgainstAgent.c */; };
		7371AD011EDFB52400E291B6 /* NeuralNetwork.c in Sources */ = {isa = PBXBuildFile; fileRef = 7371ACFF1EDFB52400E291B6 /* NeuralNetwork.c */; };
		7371AD041EDFB54E00E291B6 /* TimeProfile.c in Sources */ = {isa = PBXBuildFile; fileRef = 7371AD021EDFB54E00E291B6 /* TimeProfile.c */; };
		7371AD071EDFC08E00E291B6 /* NeuralAgent.c in Sources */ = {isa = PBXBuildFile; fileRef = 7371AD051EDFC08E00E291B6 /* NeuralAgent.c */; };
		7371AD0A1EE06D4900E291B6 /* AgentAgainstAgent.c in Sources */ = {isa = PBXBuildFile; fileRef = 7371AD081EE06D4900E291B6 /* AgentAgainstAgent.c */; };
/* End PBXBuildFile section */

/* Begin PBXCopyFilesBuildPhase section */
		7371ACD61ED58BF500E291B6 /* CopyFiles */ = {
			isa = PBXCopyFilesBuildPhase;
			buildActionMask = 2147483647;
			dstPath = /usr/share/man/man1/;
			dstSubfolderSpec = 0;
			files = (
			);
			runOnlyForDeploymentPostprocessing = 1;
		};
/* End PBXCopyFilesBuildPhase section */

/* Begin PBXFileReference section */
		7371ACD81ED58BF500E291B6 /* Othello */ = {isa = PBXFileReference; explicitFileType = "compiled.mach-o.executable"; includeInIndex = 0; path = Othello; sourceTree = BUILT_PRODUCTS_DIR; };
		7371ACDB1ED58BF500E291B6 /* main.c */ = {isa = PBXFileReference; lastKnownFileType = sourcecode.c.c; path = main.c; sourceTree = "<group>"; };
		7371ACE21ED6880F00E291B6 /* Memory.c */ = {isa = PBXFileReference; fileEncoding = 4; lastKnownFileType = sourcecode.c.c; lineEnding = 0; path = Memory.c; sourceTree = "<group>"; xcLanguageSpecificationIdentifier = xcode.lang.c; };
		7371ACE31ED6880F00E291B6 /* Memory.h */ = {isa = PBXFileReference; fileEncoding = 4; lastKnownFileType = sourcecode.c.h; lineEnding = 0; path = Memory.h; sourceTree = "<group>"; xcLanguageSpecificationIdentifier = xcode.lang.objcpp; };
		7371ACE51ED6884000E291B6 /* Board.c */ = {isa = PBXFileReference; fileEncoding = 4; lastKnownFileType = sourcecode.c.c; lineEnding = 0; path = Board.c; sourceTree = "<group>"; xcLanguageSpecificationIdentifier = xcode.lang.c; };
		7371ACE61ED6884000E291B6 /* Board.h */ = {isa = PBXFileReference; fileEncoding = 4; lastKnownFileType = sourcecode.c.h; lineEnding = 0; path = Board.h; sourceTree = "<group>"; xcLanguageSpecificationIdentifier = xcode.lang.objcpp; };
		7371ACE81ED68D0900E291B6 /* Utils.c */ = {isa = PBXFileReference; fileEncoding = 4; lastKnownFileType = sourcecode.c.c; lineEnding = 0; path = Utils.c; sourceTree = "<group>"; xcLanguageSpecificationIdentifier = xcode.lang.c; };
		7371ACE91ED68D0900E291B6 /* Utils.h */ = {isa = PBXFileReference; fileEncoding = 4; lastKnownFileType = sourcecode.c.h; path = Utils.h; sourceTree = "<group>"; };
		7371ACEB1ED6A91000E291B6 /* Move.c */ = {isa = PBXFileReference; fileEncoding = 4; lastKnownFileType = sourcecode.c.c; lineEnding = 0; path = Move.c; sourceTree = "<group>"; xcLanguageSpecificationIdentifier = xcode.lang.c; };
		7371ACEC1ED6A91000E291B6 /* Move.h */ = {isa = PBXFileReference; fileEncoding = 4; lastKnownFileType = sourcecode.c.h; lineEnding = 0; path = Move.h; sourceTree = "<group>"; xcLanguageSpecificationIdentifier = xcode.lang.objcpp; };
		7371ACEE1ED6B17A00E291B6 /* Score.c */ = {isa = PBXFileReference; fileEncoding = 4; lastKnownFileType = sourcecode.c.c; path = Score.c; sourceTree = "<group>"; };
		7371ACEF1ED6B17A00E291B6 /* Score.h */ = {isa = PBXFileReference; fileEncoding = 4; lastKnownFileType = sourcecode.c.h; path = Score.h; sourceTree = "<group>"; };
		7371ACF11ED711C600E291B6 /* Makefile */ = {isa = PBXFileReference; lastKnownFileType = sourcecode.make; path = Makefile; sourceTree = "<group>"; };
		7371ACF61EDE735100E291B6 /* HumanAgainstAgent.c */ = {isa = PBXFileReference; fileEncoding = 4; lastKnownFileType = sourcecode.c.c; lineEnding = 0; path = HumanAgainstAgent.c; sourceTree = "<group>"; xcLanguageSpecificationIdentifier = xcode.lang.c; };
		7371ACF71EDE735100E291B6 /* HumanAgainstAgent.h */ = {isa = PBXFileReference; fileEncoding = 4; lastKnownFileType = sourcecode.c.h; lineEnding = 0; path = HumanAgainstAgent.h; sourceTree = "<group>"; xcLanguageSpecificationIdentifier = xcode.lang.objcpp; };
		7371ACFF1EDFB52400E291B6 /* NeuralNetwork.c */ = {isa = PBXFileReference; fileEncoding = 4; lastKnownFileType = sourcecode.c.c; lineEnding = 0; path = NeuralNetwork.c; sourceTree = "<group>"; xcLanguageSpecificationIdentifier = xcode.lang.c; };
		7371AD001EDFB52400E291B6 /* NeuralNetwork.h */ = {isa = PBXFileReference; fileEncoding = 4; lastKnownFileType = sourcecode.c.h; lineEnding = 0; path = NeuralNetwork.h; sourceTree = "<group>"; xcLanguageSpecificationIdentifier = xcode.lang.objcpp; };
		7371AD021EDFB54E00E291B6 /* TimeProfile.c */ = {isa = PBXFileReference; fileEncoding = 4; lastKnownFileType = sourcecode.c.c; path = TimeProfile.c; sourceTree = "<group>"; };
		7371AD031EDFB54E00E291B6 /* TimeProfile.h */ = {isa = PBXFileReference; fileEncoding = 4; lastKnownFileType = sourcecode.c.h; path = TimeProfile.h; sourceTree = "<group>"; };
		7371AD051EDFC08E00E291B6 /* NeuralAgent.c */ = {isa = PBXFileReference; fileEncoding = 4; lastKnownFileType = sourcecode.c.c; lineEnding = 0; path = NeuralAgent.c; sourceTree = "<group>"; xcLanguageSpecificationIdentifier = xcode.lang.c; };
		7371AD061EDFC08E00E291B6 /* NeuralAgent.h */ = {isa = PBXFileReference; fileEncoding = 4; lastKnownFileType = sourcecode.c.h; lineEnding = 0; path = NeuralAgent.h; sourceTree = "<group>"; xcLanguageSpecificationIdentifier = xcode.lang.objcpp; };
		7371AD081EE06D4900E291B6 /* AgentAgainstAgent.c */ = {isa = PBXFileReference; fileEncoding = 4; lastKnownFileType = sourcecode.c.c; lineEnding = 0; path = AgentAgainstAgent.c; sourceTree = "<group>"; xcLanguageSpecificationIdentifier = xcode.lang.c; };
		7371AD091EE06D4900E291B6 /* AgentAgainstAgent.h */ = {isa = PBXFileReference; fileEncoding = 4; lastKnownFileType = sourcecode.c.h; lineEnding = 0; path = AgentAgainstAgent.h; sourceTree = "<group>"; xcLanguageSpecificationIdentifier = xcode.lang.objcpp; };
		7371AD0C1EE4677900E291B6 /* README */ = {isa = PBXFileReference; lastKnownFileType = text; path = README; sourceTree = "<group>"; };
/* End PBXFileReference section */

/* Begin PBXFrameworksBuildPhase section */
		7371ACD51ED58BF500E291B6 /* Frameworks */ = {
			isa = PBXFrameworksBuildPhase;
			buildActionMask = 2147483647;
			files = (
			);
			runOnlyForDeploymentPostprocessing = 0;
		};
/* End PBXFrameworksBuildPhase section */

/* Begin PBXGroup section */
		7371ACCF1ED58BF500E291B6 = {
			isa = PBXGroup;
			children = (
				7371ACDA1ED58BF500E291B6 /* Othello */,
				7371ACD91ED58BF500E291B6 /* Products */,
			);
			sourceTree = "<group>";
		};
		7371ACD91ED58BF500E291B6 /* Products */ = {
			isa = PBXGroup;
			children = (
				7371ACD81ED58BF500E291B6 /* Othello */,
			);
			name = Products;
			sourceTree = "<group>";
		};
		7371ACDA1ED58BF500E291B6 /* Othello */ = {
			isa = PBXGroup;
			children = (
				7371AD0C1EE4677900E291B6 /* README */,
				7371ACF11ED711C600E291B6 /* Makefile */,
				7371ACDB1ED58BF500E291B6 /* main.c */,
				7371ACFF1EDFB52400E291B6 /* NeuralNetwork.c */,
				7371AD001EDFB52400E291B6 /* NeuralNetwork.h */,
				7371AD051EDFC08E00E291B6 /* NeuralAgent.c */,
				7371AD061EDFC08E00E291B6 /* NeuralAgent.h */,
				7371ACF61EDE735100E291B6 /* HumanAgainstAgent.c */,
				7371ACF71EDE735100E291B6 /* HumanAgainstAgent.h */,
				7371AD081EE06D4900E291B6 /* AgentAgainstAgent.c */,
				7371AD091EE06D4900E291B6 /* AgentAgainstAgent.h */,
				7371ACE51ED6884000E291B6 /* Board.c */,
				7371ACE61ED6884000E291B6 /* Board.h */,
				7371ACEB1ED6A91000E291B6 /* Move.c */,
				7371ACEC1ED6A91000E291B6 /* Move.h */,
				7371ACEE1ED6B17A00E291B6 /* Score.c */,
				7371ACEF1ED6B17A00E291B6 /* Score.h */,
				7371ACE21ED6880F00E291B6 /* Memory.c */,
				7371ACE31ED6880F00E291B6 /* Memory.h */,
				7371ACE81ED68D0900E291B6 /* Utils.c */,
				7371ACE91ED68D0900E291B6 /* Utils.h */,
				7371AD021EDFB54E00E291B6 /* TimeProfile.c */,
				7371AD031EDFB54E00E291B6 /* TimeProfile.h */,
			);
			path = Othello;
			sourceTree = "<group>";
		};
/* End PBXGroup section */

/* Begin PBXNativeTarget section */
		7371ACD71ED58BF500E291B6 /* Othello */ = {
			isa = PBXNativeTarget;
			buildConfigurationList = 7371ACDF1ED58BF500E291B6 /* Build configuration list for PBXNativeTarget "Othello" */;
			buildPhases = (
				7371ACD41ED58BF500E291B6 /* Sources */,
				7371ACD51ED58BF500E291B6 /* Frameworks */,
				7371ACD61ED58BF500E291B6 /* CopyFiles */,
			);
			buildRules = (
			);
			dependencies = (
			);
			name = Othello;
			productName = Othello;
			productReference = 7371ACD81ED58BF500E291B6 /* Othello */;
			productType = "com.apple.product-type.tool";
		};
/* End PBXNativeTarget section */

/* Begin PBXProject section */
		7371ACD01ED58BF500E291B6 /* Project object */ = {
			isa = PBXProject;
			attributes = {
				LastUpgradeCheck = 0830;
				ORGANIZATIONNAME = ScienceSoul;
				TargetAttributes = {
					7371ACD71ED58BF500E291B6 = {
						CreatedOnToolsVersion = 8.3.2;
						DevelopmentTeam = 65WT6FN4B4;
						ProvisioningStyle = Automatic;
					};
				};
			};
			buildConfigurationList = 7371ACD31ED58BF500E291B6 /* Build configuration list for PBXProject "Othello" */;
			compatibilityVersion = "Xcode 3.2";
			developmentRegion = English;
			hasScannedForEncodings = 0;
			knownRegions = (
				en,
			);
			mainGroup = 7371ACCF1ED58BF500E291B6;
			productRefGroup = 7371ACD91ED58BF500E291B6 /* Products */;
			projectDirPath = "";
			projectRoot = "";
			targets = (
				7371ACD71ED58BF500E291B6 /* Othello */,
			);
		};
/* End PBXProject section */

/* Begin PBXSourcesBuildPhase section */
		7371ACD41ED58BF500E291B6 /* Sources */ = {
			isa = PBXSourcesBuildPhase;
			buildActionMask = 2147483647;
			files = (
				7371AD0A1EE06D4900E291B6 /* AgentAgainstAgent.c in Sources */,
				7371ACED1ED6A91000E291B6 /* Move.c in Sources */,
				7371AD011EDFB52400E291B6 /* NeuralNetwork.c in Sources */,
				7371ACE71ED6884000E291B6 /* Board.c in Sources */,
				7371ACEA1ED68D0900E291B6 /* Utils.c in Sources */,
				7371ACE41ED6880F00E291B6 /* Memory.c in Sources */,
				7371AD041EDFB54E00E291B6 /* TimeProfile.c in Sources */,
				7371AD071EDFC08E00E291B6 /* NeuralAgent.c in Sources */,
				7371ACF81EDE735100E291B6 /* HumanAgainstAgent.c in Sources */,
				7371ACF01ED6B17A00E291B6 /* Score.c in Sources */,
				7371ACDC1ED58BF500E291B6 /* main.c in Sources */,
			);
			runOnlyForDeploymentPostprocessing = 0;
		};
/* End PBXSourcesBuildPhase section */

/* Begin XCBuildConfiguration section */
		7371ACDD1ED58BF500E291B6 /* Debug */ = {
			isa = XCBuildConfiguration;
			buildSettings = {
				ALWAYS_SEARCH_USER_PATHS = NO;
				CLANG_ANALYZER_NONNULL = YES;
				CLANG_ANALYZER_NUMBER_OBJECT_CONVERSION = YES_AGGRESSIVE;
				CLANG_CXX_LANGUAGE_STANDARD = "gnu++0x";
				CLANG_CXX_LIBRARY = "libc++";
				CLANG_ENABLE_MODULES = YES;
				CLANG_ENABLE_OBJC_ARC = YES;
				CLANG_WARN_BOOL_CONVERSION = YES;
				CLANG_WARN_CONSTANT_CONVERSION = YES;
				CLANG_WARN_DIRECT_OBJC_ISA_USAGE = YES_ERROR;
				CLANG_WARN_DOCUMENTATION_COMMENTS = YES;
				CLANG_WARN_EMPTY_BODY = YES;
				CLANG_WARN_ENUM_CONVERSION = YES;
				CLANG_WARN_INFINITE_RECURSION = YES;
				CLANG_WARN_INT_CONVERSION = YES;
				CLANG_WARN_OBJC_ROOT_CLASS = YES_ERROR;
				CLANG_WARN_SUSPICIOUS_MOVE = YES;
				CLANG_WARN_UNREACHABLE_CODE = YES;
				CLANG_WARN__DUPLICATE_METHOD_MATCH = YES;
				CODE_SIGN_IDENTITY = "-";
				COPY_PHASE_STRIP = NO;
				DEBUG_INFORMATION_FORMAT = dwarf;
				ENABLE_STRICT_OBJC_MSGSEND = YES;
				ENABLE_TESTABILITY = YES;
				GCC_C_LANGUAGE_STANDARD = gnu99;
				GCC_DYNAMIC_NO_PIC = NO;
				GCC_NO_COMMON_BLOCKS = YES;
				GCC_OPTIMIZATION_LEVEL = 0;
				GCC_PREPROCESSOR_DEFINITIONS = (
					"DEBUG=1",
					"$(inherited)",
				);
				GCC_WARN_64_TO_32_BIT_CONVERSION = YES;
				GCC_WARN_ABOUT_RETURN_TYPE = YES_ERROR;
				GCC_WARN_UNDECLARED_SELECTOR = YES;
				GCC_WARN_UNINITIALIZED_AUTOS = YES_AGGRESSIVE;
				GCC_WARN_UNUSED_FUNCTION = YES;
				GCC_WARN_UNUSED_VARIABLE = YES;
				MACOSX_DEPLOYMENT_TARGET = 10.12;
				MTL_ENABLE_DEBUG_INFO = YES;
				ONLY_ACTIVE_ARCH = YES;
				SDKROOT = macosx;
			};
			name = Debug;
		};
		7371ACDE1ED58BF500E291B6 /* Release */ = {
			isa = XCBuildConfiguration;
			buildSettings = {
				ALWAYS_SEARCH_USER_PATHS = NO;
				CLANG_ANALYZER_NONNULL = YES;
				CLANG_ANALYZER_NUMBER_OBJECT_CONVERSION = YES_AGGRESSIVE;
				CLANG_CXX_LANGUAGE_STANDARD = "gnu++0x";
				CLANG_CXX_LIBRARY = "libc++";
				CLANG_ENABLE_MODULES = YES;
				CLANG_ENABLE_OBJC_ARC = YES;
				CLANG_WARN_BOOL_CONVERSION = YES;
				CLANG_WARN_CONSTANT_CONVERSION = YES;
				CLANG_WARN_DIRECT_OBJC_ISA_USAGE = YES_ERROR;
				CLANG_WARN_DOCUMENTATION_COMMENTS = YES;
				CLANG_WARN_EMPTY_BODY = YES;
				CLANG_WARN_ENUM_CONVERSION = YES;
				CLANG_WARN_INFINITE_RECURSION = YES;
				CLANG_WARN_INT_CONVERSION = YES;
				CLANG_WARN_OBJC_ROOT_CLASS = YES_ERROR;
				CLANG_WARN_SUSPICIOUS_MOVE = YES;
				CLANG_WARN_UNREACHABLE_CODE = YES;
				CLANG_WARN__DUPLICATE_METHOD_MATCH = YES;
				CODE_SIGN_IDENTITY = "-";
				COPY_PHASE_STRIP = NO;
				DEBUG_INFORMATION_FORMAT = "dwarf-with-dsym";
				ENABLE_NS_ASSERTIONS = NO;
				ENABLE_STRICT_OBJC_MSGSEND = YES;
				GCC_C_LANGUAGE_STANDARD = gnu99;
				GCC_NO_COMMON_BLOCKS = YES;
				GCC_WARN_64_TO_32_BIT_CONVERSION = YES;
				GCC_WARN_ABOUT_RETURN_TYPE = YES_ERROR;
				GCC_WARN_UNDECLARED_SELECTOR = YES;
				GCC_WARN_UNINITIALIZED_AUTOS = YES_AGGRESSIVE;
				GCC_WARN_UNUSED_FUNCTION = YES;
				GCC_WARN_UNUSED_VARIABLE = YES;
				MACOSX_DEPLOYMENT_TARGET = 10.12;
				MTL_ENABLE_DEBUG_INFO = NO;
				SDKROOT = macosx;
			};
			name = Release;
		};
		7371ACE01ED58BF500E291B6 /* Debug */ = {
			isa = XCBuildConfiguration;
			buildSettings = {
				DEVELOPMENT_TEAM = 65WT6FN4B4;
				GCC_OPTIMIZATION_LEVEL = 0;
				PRODUCT_NAME = "$(TARGET_NAME)";
			};
			name = Debug;
		};
		7371ACE11ED58BF500E291B6 /* Release */ = {
			isa = XCBuildConfiguration;
			buildSettings = {
				DEVELOPMENT_TEAM = 65WT6FN4B4;
				PRODUCT_NAME = "$(TARGET_NAME)";
			};
			name = Release;
		};
/* End XCBuildConfiguration section */

/* Begin XCConfigurationList section */
		7371ACD31ED58BF500E291B6 /* Build configuration list for PBXProject "Othello" */ = {
			isa = XCConfigurationList;
			buildConfigurations = (
				7371ACDD1ED58BF500E291B6 /* Debug */,
				7371ACDE1ED58BF500E291B6 /* Release */,
			);
			defaultConfigurationIsVisible = 0;
			defaultConfigurationName = Release;
		};
		7371ACDF1ED58BF500E291B6 /* Build configuration list for PBXNativeTarget "Othello" */ = {
			isa = XCConfigurationList;
			buildConfigurations = (
				7371ACE01ED58BF500E291B6 /* Debug */,
				7371ACE11ED58BF500E291B6 /* Release */,
			);
			defaultConfigurationIsVisible = 0;
		};
/* End XCConfigurationList section */
	};
	rootObject = 7371ACD01ED58BF500E291B6 /* Project object */;
}
